
Microsoft Visual Studio Solution File, Format Version 12.00
# Visual Studio Version 17
VisualStudioVersion = 17.8.34525.116
MinimumVisualStudioVersion = 10.0.40219.1
Project("{FAE04EC0-301F-11D3-BF4B-00C04F79EFBC}") = "QuizrWrap", "QuizrWrap\QuizrWrap.csproj", "{BDD40F7D-4348-4F44-9CCA-583B788A946D}"
EndProject
Global
	GlobalSection(SolutionConfigurationPlatforms) = preSolution
		Debug|Any CPU = Debug|Any CPU
		Release|Any CPU = Release|Any CPU
	EndGlobalSection
	GlobalSection(ProjectConfigurationPlatforms) = postSolution
		{BDD40F7D-4348-4F44-9CCA-583B788A946D}.Debug|Any CPU.ActiveCfg = Debug|Any CPU
		{BDD40F7D-4348-4F44-9CCA-583B788A946D}.Debug|Any CPU.Build.0 = Debug|Any CPU
		{BDD40F7D-4348-4F44-9CCA-583B788A946D}.Release|Any CPU.ActiveCfg = Release|Any CPU
		{BDD40F7D-4348-4F44-9CCA-583B788A946D}.Release|Any CPU.Build.0 = Release|Any CPU
	EndGlobalSection
	GlobalSection(SolutionProperties) = preSolution
		HideSolutionNode = FALSE
	EndGlobalSection
	GlobalSection(ExtensibilityGlobals) = postSolution
		SolutionGuid = {2D17AAD3-5030-4E77-8573-F123A56CD5E9}
	EndGlobalSection
EndGlobal
